
Microsoft Visual Studio Solution File, Format Version 12.00
# Visual Studio 2013
VisualStudioVersion = 12.0.31101.0
MinimumVisualStudioVersion = 10.0.40219.1
Project("{FAE04EC0-301F-11D3-BF4B-00C04F79EFBC}") = "DumpMemorySummarizer", "DumpMemorySummarizer\DumpMemorySummarizer.csproj", "{FE162BA3-C98E-43D5-9F9F-F4AB2DF258B7}"
EndProject
Project("{FAE04EC0-301F-11D3-BF4B-00C04F79EFBC}") = "FinalizerTest", "FinalizerTest\FinalizerTest.csproj", "{DB76B98F-8369-4C92-AFD9-E3B9BEF3D067}"
EndProject
Project("{FAE04EC0-301F-11D3-BF4B-00C04F79EFBC}") = "FooBar", "FooBar\FooBar.csproj", "{49A52E58-FCF5-4EA0-A75F-963AEB6CA6B5}"
EndProject
Global
	GlobalSection(SolutionConfigurationPlatforms) = preSolution
		Debug|Any CPU = Debug|Any CPU
		Release|Any CPU = Release|Any CPU
	EndGlobalSection
	GlobalSection(ProjectConfigurationPlatforms) = postSolution
		{FE162BA3-C98E-43D5-9F9F-F4AB2DF258B7}.Debug|Any CPU.ActiveCfg = Debug|Any CPU
		{FE162BA3-C98E-43D5-9F9F-F4AB2DF258B7}.Debug|Any CPU.Build.0 = Debug|Any CPU
		{FE162BA3-C98E-43D5-9F9F-F4AB2DF258B7}.Release|Any CPU.ActiveCfg = Release|Any CPU
		{FE162BA3-C98E-43D5-9F9F-F4AB2DF258B7}.Release|Any CPU.Build.0 = Release|Any CPU
		{DB76B98F-8369-4C92-AFD9-E3B9BEF3D067}.Debug|Any CPU.ActiveCfg = Debug|Any CPU
		{DB76B98F-8369-4C92-AFD9-E3B9BEF3D067}.Debug|Any CPU.Build.0 = Debug|Any CPU
		{DB76B98F-8369-4C92-AFD9-E3B9BEF3D067}.Release|Any CPU.ActiveCfg = Release|Any CPU
		{DB76B98F-8369-4C92-AFD9-E3B9BEF3D067}.Release|Any CPU.Build.0 = Release|Any CPU
		{49A52E58-FCF5-4EA0-A75F-963AEB6CA6B5}.Debug|Any CPU.ActiveCfg = Debug|Any CPU
		{49A52E58-FCF5-4EA0-A75F-963AEB6CA6B5}.Debug|Any CPU.Build.0 = Debug|Any CPU
		{49A52E58-FCF5-4EA0-A75F-963AEB6CA6B5}.Release|Any CPU.ActiveCfg = Release|Any CPU
		{49A52E58-FCF5-4EA0-A75F-963AEB6CA6B5}.Release|Any CPU.Build.0 = Release|Any CPU
	EndGlobalSection
	GlobalSection(SolutionProperties) = preSolution
		HideSolutionNode = FALSE
	EndGlobalSection
EndGlobal
